
Microsoft Visual Studio Solution File, Format Version 12.00
# Visual Studio 15
VisualStudioVersion = 15.0.28307.757
MinimumVisualStudioVersion = 10.0.40219.1
Project("{8BC9CEB8-8B4A-11D0-8D11-00A0C91BC942}") = "Project4", "Project4\Project4.vcxproj", "{63EC44CE-8B9C-4F38-B4BD-DB2E2F60C450}"
EndProject
Global
	GlobalSection(SolutionConfigurationPlatforms) = preSolution
		Debug|x64 = Debug|x64
		Debug|x86 = Debug|x86
		Release|x64 = Release|x64
		Release|x86 = Release|x86
	EndGlobalSection
	GlobalSection(ProjectConfigurationPlatforms) = postSolution
		{63EC44CE-8B9C-4F38-B4BD-DB2E2F60C450}.Debug|x64.ActiveCfg = Debug|x64
		{63EC44CE-8B9C-4F38-B4BD-DB2E2F60C450}.Debug|x64.Build.0 = Debug|x64
		{63EC44CE-8B9C-4F38-B4BD-DB2E2F60C450}.Debug|x86.ActiveCfg = Debug|Win32
		{63EC44CE-8B9C-4F38-B4BD-DB2E2F60C450}.Debug|x86.Build.0 = Debug|Win32
		{63EC44CE-8B9C-4F38-B4BD-DB2E2F60C450}.Release|x64.ActiveCfg = Release|x64
		{63EC44CE-8B9C-4F38-B4BD-DB2E2F60C450}.Release|x64.Build.0 = Release|x64
		{63EC44CE-8B9C-4F38-B4BD-DB2E2F60C450}.Release|x86.ActiveCfg = Release|Win32
		{63EC44CE-8B9C-4F38-B4BD-DB2E2F60C450}.Release|x86.Build.0 = Release|Win32
	EndGlobalSection
	GlobalSection(SolutionProperties) = preSolution
		HideSolutionNode = FALSE
	EndGlobalSection
	GlobalSection(ExtensibilityGlobals) = postSolution
		SolutionGuid = {36274EDB-59F6-4FC6-8393-C1BDC725DB18}
	EndGlobalSection
EndGlobal
